github.com/gocarina/gocsv v0.0.0-20240520201108-78e41c74b4b1 h1:FWNFq4fM1wPfcK40yHE5UO3RUdSNPaBC+j3PokzA6OQ=
github.com/gocarina/gocsv v0.0.0-20240520201108-78e41c74b4b1/go.mod h1:5YoVOkjYAQumqlV356Hj3xeYh4BdZuLE0/nRkf2NKkI=
github.com/mergestat/timediff v0.0.3 h1:ucCNh4/ZrTPjFZ081PccNbhx9spymCJkFxSzgVuPU+Y=
github.com/mergestat/timediff v0.0.3/go.mod h1:yvMUaRu2oetc+9IbPLYBJviz6sA7xz8OXMDfhBl7YSI=
